# THIS IS AN AUTOGENERATED FILE. DO NOT EDIT THIS FILE DIRECTLY.
# yarn lockfile v1


"@types/he@^0.5.29":
  version "0.5.29"
  resolved "https://registry.yarnpkg.com/@types/he/-/he-0.5.29.tgz#67f9392287b05558013d1cabc96801a5185adbea"

"@types/katex@^0.5.0":
  version "0.5.0"
  resolved "https://registry.yarnpkg.com/@types/katex/-/katex-0.5.0.tgz#a7dbb981f1bc89c8b1b5e7fa8a1ce2617ab2f358"

"@types/node@^9.3.0":
  version "9.3.0"
  resolved "https://registry.yarnpkg.com/@types/node/-/node-9.3.0.tgz#3a129cda7c4e5df2409702626892cb4b96546dd5"

he@^1.1.1:
  version "1.1.1"
  resolved "https://registry.yarnpkg.com/he/-/he-1.1.1.tgz#93410fd21b009735151f8868c2f271f3427e23fd"

katex@0.7.1:
  version "0.7.1"
  resolved "https://registry.yarnpkg.com/katex/-/katex-0.7.1.tgz#06bb5298efad05e1e7228035ba8e1591f3061b8f"
  dependencies:
    match-at "^0.1.0"

match-at@^0.1.0:
  version "0.1.1"
  resolved "https://registry.yarnpkg.com/match-at/-/match-at-0.1.1.tgz#25d040d291777704d5e6556bbb79230ec2de0540"

path-parse@^1.0.5:
  version "1.0.5"
  resolved "https://registry.yarnpkg.com/path-parse/-/path-parse-1.0.5.tgz#3c1adf871ea9cd6c9431b6ea2bd74a0ff055c4c1"

resolve@^1.5.0:
  version "1.5.0"
  resolved "https://registry.yarnpkg.com/resolve/-/resolve-1.5.0.tgz#1f09acce796c9a762579f31b2c1cc4c3cddf9f36"
  dependencies:
    path-parse "^1.0.5"

typescript@^2.6.2:
  version "2.6.2"
  resolved "https://registry.yarnpkg.com/typescript/-/typescript-2.6.2.tgz#3c5b6fd7f6de0914269027f03c0946758f7673a4"
